
Microsoft Visual Studio Solution File, Format Version 12.00
# Visual Studio Version 17
VisualStudioVersion = 17.13.35919.96 d17.13
MinimumVisualStudioVersion = 10.0.40219.1
Project("{FAE04EC0-301F-11D3-BF4B-00C04F79EFBC}") = "MauiRadioFormattedTextRepo", "MauiRadioFormattedTextRepo\MauiRadioFormattedTextRepo\MauiRadioFormattedTextRepo.csproj", "{35FAFFB1-7F05-4A6D-98F6-4DFCB57526AE}"
EndProject
Project("{FAE04EC0-301F-11D3-BF4B-00C04F79EFBC}") = "MauiRadioFormattedTextRepo.Droid", "MauiRadioFormattedTextRepo\MauiRadioFormattedTextRepo.Droid\MauiRadioFormattedTextRepo.Droid.csproj", "{562BD232-6661-422E-BE31-0FCAAD036EAC}"
EndProject
Project("{FAE04EC0-301F-11D3-BF4B-00C04F79EFBC}") = "MauiRadioFormattedTextRepo.iOS", "MauiRadioFormattedTextRepo\MauiRadioFormattedTextRepo.iOS\MauiRadioFormattedTextRepo.iOS.csproj", "{A3FC8384-FC10-46BC-82EC-11782E3126B9}"
EndProject
Global
	GlobalSection(SolutionConfigurationPlatforms) = preSolution
		Debug|Any CPU = Debug|Any CPU
		Release|Any CPU = Release|Any CPU
	EndGlobalSection
	GlobalSection(ProjectConfigurationPlatforms) = postSolution
		{35FAFFB1-7F05-4A6D-98F6-4DFCB57526AE}.Debug|Any CPU.ActiveCfg = Debug|Any CPU
		{35FAFFB1-7F05-4A6D-98F6-4DFCB57526AE}.Debug|Any CPU.Build.0 = Debug|Any CPU
		{35FAFFB1-7F05-4A6D-98F6-4DFCB57526AE}.Release|Any CPU.ActiveCfg = Release|Any CPU
		{35FAFFB1-7F05-4A6D-98F6-4DFCB57526AE}.Release|Any CPU.Build.0 = Release|Any CPU
		{562BD232-6661-422E-BE31-0FCAAD036EAC}.Debug|Any CPU.ActiveCfg = Debug|Any CPU
		{562BD232-6661-422E-BE31-0FCAAD036EAC}.Debug|Any CPU.Build.0 = Debug|Any CPU
		{562BD232-6661-422E-BE31-0FCAAD036EAC}.Debug|Any CPU.Deploy.0 = Debug|Any CPU
		{562BD232-6661-422E-BE31-0FCAAD036EAC}.Release|Any CPU.ActiveCfg = Release|Any CPU
		{562BD232-6661-422E-BE31-0FCAAD036EAC}.Release|Any CPU.Build.0 = Release|Any CPU
		{562BD232-6661-422E-BE31-0FCAAD036EAC}.Release|Any CPU.Deploy.0 = Release|Any CPU
		{A3FC8384-FC10-46BC-82EC-11782E3126B9}.Debug|Any CPU.ActiveCfg = Debug|Any CPU
		{A3FC8384-FC10-46BC-82EC-11782E3126B9}.Debug|Any CPU.Build.0 = Debug|Any CPU
		{A3FC8384-FC10-46BC-82EC-11782E3126B9}.Debug|Any CPU.Deploy.0 = Debug|Any CPU
		{A3FC8384-FC10-46BC-82EC-11782E3126B9}.Release|Any CPU.ActiveCfg = Release|Any CPU
		{A3FC8384-FC10-46BC-82EC-11782E3126B9}.Release|Any CPU.Build.0 = Release|Any CPU
		{A3FC8384-FC10-46BC-82EC-11782E3126B9}.Release|Any CPU.Deploy.0 = Release|Any CPU
	EndGlobalSection
	GlobalSection(SolutionProperties) = preSolution
		HideSolutionNode = FALSE
	EndGlobalSection
	GlobalSection(ExtensibilityGlobals) = postSolution
		SolutionGuid = {D8767FB7-B5B4-464D-A617-05CE180425A6}
	EndGlobalSection
EndGlobal
